// !$*UTF8*$!
{
	archiveVersion = 1;
	classes = {
	};
	objectVersion = 55;
	objects = {

/* Begin PBXBuildFile section */
		0206B31E286804120081342B /* AddRecordView.swift in Sources */ = {isa = PBXBuildFile; fileRef = 0206B31D286804110081342B /* AddRecordView.swift */; };
		0206B320286898B50081342B /* Keyboard.swift in Sources */ = {isa = PBXBuildFile; fileRef = 0206B31F286898B50081342B /* Keyboard.swift */; };
		0210FD912867CDD200E56349 /* QeiiApp.swift in Sources */ = {isa = PBXBuildFile; fileRef = 0210FD902867CDD200E56349 /* QeiiApp.swift */; };
		0210FD932867CDD200E56349 /* ContentView.swift in Sources */ = {isa = PBXBuildFile; fileRef = 0210FD922867CDD200E56349 /* ContentView.swift */; };
		0210FD952867CDD700E56349 /* Assets.xcassets in Resources */ = {isa = PBXBuildFile; fileRef = 0210FD942867CDD700E56349 /* Assets.xcassets */; };
		0210FD982867CDD700E56349 /* Preview Assets.xcassets in Resources */ = {isa = PBXBuildFile; fileRef = 0210FD972867CDD700E56349 /* Preview Assets.xcassets */; };
		0210FD9A2867CDD700E56349 /* Persistence.swift in Sources */ = {isa = PBXBuildFile; fileRef = 0210FD992867CDD700E56349 /* Persistence.swift */; };
		0210FD9D2867CDD700E56349 /* Qeii.xcdatamodeld in Sources */ = {isa = PBXBuildFile; fileRef = 0210FD9B2867CDD700E56349 /* Qeii.xcdatamodeld */; };
		0210FDA72867CDD700E56349 /* QeiiTests.swift in Sources */ = {isa = PBXBuildFile; fileRef = 0210FDA62867CDD700E56349 /* QeiiTests.swift */; };
		0210FDB12867CDD700E56349 /* QeiiUITests.swift in Sources */ = {isa = PBXBuildFile; fileRef = 0210FDB02867CDD700E56349 /* QeiiUITests.swift */; };
		0210FDB32867CDD700E56349 /* QeiiUITestsLaunchTests.swift in Sources */ = {isa = PBXBuildFile; fileRef = 0210FDB22867CDD700E56349 /* QeiiUITestsLaunchTests.swift */; };
		0210FDC02867CEF100E56349 /* HomeView.swift in Sources */ = {isa = PBXBuildFile; fileRef = 0210FDBF2867CEF100E56349 /* HomeView.swift */; };
		0210FDC22867D16800E56349 /* Constants.swift in Sources */ = {isa = PBXBuildFile; fileRef = 0210FDC12867D16700E56349 /* Constants.swift */; };
		0210FDC52867F61300E56349 /* PopupView in Frameworks */ = {isa = PBXBuildFile; productRef = 0210FDC42867F61300E56349 /* PopupView */; };
		027AFE0D2870BA43008116F9 /* trashBinDropViewDelegate.swift in Sources */ = {isa = PBXBuildFile; fileRef = 027AFE0C2870BA43008116F9 /* trashBinDropViewDelegate.swift */; };
		02B5831A286E86EB00A717ED /* CategoriesSortDropViewDelegate.swift in Sources */ = {isa = PBXBuildFile; fileRef = 02B58319286E86EB00A717ED /* CategoriesSortDropViewDelegate.swift */; };
		02B5831C286EA9DB00A717ED /* HelperDropViewDelegate.swift in Sources */ = {isa = PBXBuildFile; fileRef = 02B5831B286EA9DB00A717ED /* HelperDropViewDelegate.swift */; };
		02B58320286F3F7300A717ED /* EditingHomeView.swift in Sources */ = {isa = PBXBuildFile; fileRef = 02B5831F286F3F7300A717ED /* EditingHomeView.swift */; };
		02F0E7B22868C5E100BABB14 /* LaunchView.swift in Sources */ = {isa = PBXBuildFile; fileRef = 02F0E7B12868C5E100BABB14 /* LaunchView.swift */; };
		02F0E7B82869F99800BABB14 /* ViewModel.swift in Sources */ = {isa = PBXBuildFile; fileRef = 02F0E7B72869F99800BABB14 /* ViewModel.swift */; };
		02F0E7BD286BADA100BABB14 /* CoreDataManager.swift in Sources */ = {isa = PBXBuildFile; fileRef = 02F0E7BC286BADA100BABB14 /* CoreDataManager.swift */; };
		A9BBA8CA2881E40500F4EC40 /* CategoriesEditModeContainer.swift in Sources */ = {isa = PBXBuildFile; fileRef = A9BBA8C92881E40500F4EC40 /* CategoriesEditModeContainer.swift */; };
		A9BBA8CC2881EDD100F4EC40 /* TestView.swift in Sources */ = {isa = PBXBuildFile; fileRef = A9BBA8CB2881EDD100F4EC40 /* TestView.swift */; };
		A9BBA8CF2881F6D000F4EC40 /* CategoriesSortDropViewDelegateBackup.swift in Sources */ = {isa = PBXBuildFile; fileRef = A9BBA8CE2881F6D000F4EC40 /* CategoriesSortDropViewDelegateBackup.swift */; };
/* End PBXBuildFile section */

/* Begin PBXContainerItemProxy section */
		0210FDA32867CDD700E56349 /* PBXContainerItemProxy */ = {
			isa = PBXContainerItemProxy;
			containerPortal = 0210FD852867CDD100E56349 /* Project object */;
			proxyType = 1;
			remoteGlobalIDString = 0210FD8C2867CDD100E56349;
			remoteInfo = Qeii;
		};
		0210FDAD2867CDD700E56349 /* PBXContainerItemProxy */ = {
			isa = PBXContainerItemProxy;
			containerPortal = 0210FD852867CDD100E56349 /* Project object */;
			proxyType = 1;
			remoteGlobalIDString = 0210FD8C2867CDD100E56349;
			remoteInfo = Qeii;
		};
/* End PBXContainerItemProxy section */

/* Begin PBXFileReference section */
		0206B31D286804110081342B /* AddRecordView.swift */ = {isa = PBXFileReference; lastKnownFileType = sourcecode.swift; path = AddRecordView.swift; sourceTree = "<group>"; };
		0206B31F286898B50081342B /* Keyboard.swift */ = {isa = PBXFileReference; lastKnownFileType = sourcecode.swift; path = Keyboard.swift; sourceTree = "<group>"; };
		0210FD8D2867CDD200E56349 /* Qeii.app */ = {isa = PBXFileReference; explicitFileType = wrapper.application; includeInIndex = 0; path = Qeii.app; sourceTree = BUILT_PRODUCTS_DIR; };
		0210FD902867CDD200E56349 /* QeiiApp.swift */ = {isa = PBXFileReference; lastKnownFileType = sourcecode.swift; path = QeiiApp.swift; sourceTree = "<group>"; };
		0210FD922867CDD200E56349 /* ContentView.swift */ = {isa = PBXFileReference; lastKnownFileType = sourcecode.swift; path = ContentView.swift; sourceTree = "<group>"; };
		0210FD942867CDD700E56349 /* Assets.xcassets */ = {isa = PBXFileReference; lastKnownFileType = folder.assetcatalog; path = Assets.xcassets; sourceTree = "<group>"; };
		0210FD972867CDD700E56349 /* Preview Assets.xcassets */ = {isa = PBXFileReference; lastKnownFileType = folder.assetcatalog; path = "Preview Assets.xcassets"; sourceTree = "<group>"; };
		0210FD992867CDD700E56349 /* Persistence.swift */ = {isa = PBXFileReference; lastKnownFileType = sourcecode.swift; path = Persistence.swift; sourceTree = "<group>"; };
		0210FD9C2867CDD700E56349 /* Qeii.xcdatamodel */ = {isa = PBXFileReference; lastKnownFileType = wrapper.xcdatamodel; path = Qeii.xcdatamodel; sourceTree = "<group>"; };
		0210FDA22867CDD700E56349 /* QeiiTests.xctest */ = {isa = PBXFileReference; explicitFileType = wrapper.cfbundle; includeInIndex = 0; path = QeiiTests.xctest; sourceTree = BUILT_PRODUCTS_DIR; };
		0210FDA62867CDD700E56349 /* QeiiTests.swift */ = {isa = PBXFileReference; lastKnownFileType = sourcecode.swift; path = QeiiTests.swift; sourceTree = "<group>"; };
		0210FDAC2867CDD700E56349 /* QeiiUITests.xctest */ = {isa = PBXFileReference; explicitFileType = wrapper.cfbundle; includeInIndex = 0; path = QeiiUITests.xctest; sourceTree = BUILT_PRODUCTS_DIR; };
		0210FDB02867CDD700E56349 /* QeiiUITests.swift */ = {isa = PBXFileReference; lastKnownFileType = sourcecode.swift; path = QeiiUITests.swift; sourceTree = "<group>"; };
		0210FDB22867CDD700E56349 /* QeiiUITestsLaunchTests.swift */ = {isa = PBXFileReference; lastKnownFileType = sourcecode.swift; path = QeiiUITestsLaunchTests.swift; sourceTree = "<group>"; };
		0210FDBF2867CEF100E56349 /* HomeView.swift */ = {isa = PBXFileReference; lastKnownFileType = sourcecode.swift; path = HomeView.swift; sourceTree = "<group>"; };
		0210FDC12867D16700E56349 /* Constants.swift */ = {isa = PBXFileReference; lastKnownFileType = sourcecode.swift; path = Constants.swift; sourceTree = "<group>"; };
		027AFE0C2870BA43008116F9 /* trashBinDropViewDelegate.swift */ = {isa = PBXFileReference; lastKnownFileType = sourcecode.swift; path = trashBinDropViewDelegate.swift; sourceTree = "<group>"; };
		02B58319286E86EB00A717ED /* CategoriesSortDropViewDelegate.swift */ = {isa = PBXFileReference; lastKnownFileType = sourcecode.swift; path = CategoriesSortDropViewDelegate.swift; sourceTree = "<group>"; };
		02B5831B286EA9DB00A717ED /* HelperDropViewDelegate.swift */ = {isa = PBXFileReference; lastKnownFileType = sourcecode.swift; path = HelperDropViewDelegate.swift; sourceTree = "<group>"; };
		02B5831F286F3F7300A717ED /* EditingHomeView.swift */ = {isa = PBXFileReference; lastKnownFileType = sourcecode.swift; path = EditingHomeView.swift; sourceTree = "<group>"; };
		02F0E7B12868C5E100BABB14 /* LaunchView.swift */ = {isa = PBXFileReference; lastKnownFileType = sourcecode.swift; path = LaunchView.swift; sourceTree = "<group>"; };
		02F0E7B72869F99800BABB14 /* ViewModel.swift */ = {isa = PBXFileReference; lastKnownFileType = sourcecode.swift; path = ViewModel.swift; sourceTree = "<group>"; };
		02F0E7BC286BADA100BABB14 /* CoreDataManager.swift */ = {isa = PBXFileReference; lastKnownFileType = sourcecode.swift; path = CoreDataManager.swift; sourceTree = "<group>"; };
		A9BBA8C92881E40500F4EC40 /* CategoriesEditModeContainer.swift */ = {isa = PBXFileReference; lastKnownFileType = sourcecode.swift; path = CategoriesEditModeContainer.swift; sourceTree = "<group>"; };
		A9BBA8CB2881EDD100F4EC40 /* TestView.swift */ = {isa = PBXFileReference; lastKnownFileType = sourcecode.swift; path = TestView.swift; sourceTree = "<group>"; };
		A9BBA8CE2881F6D000F4EC40 /* CategoriesSortDropViewDelegateBackup.swift */ = {isa = PBXFileReference; lastKnownFileType = sourcecode.swift; path = CategoriesSortDropViewDelegateBackup.swift; sourceTree = "<group>"; };
/* End PBXFileReference section */

/* Begin PBXFrameworksBuildPhase section */
		0210FD8A2867CDD100E56349 /* Frameworks */ = {
			isa = PBXFrameworksBuildPhase;
			buildActionMask = 2147483647;
			files = (
				0210FDC52867F61300E56349 /* PopupView in Frameworks */,
			);
			runOnlyForDeploymentPostprocessing = 0;
		};
		0210FD9F2867CDD700E56349 /* Frameworks */ = {
			isa = PBXFrameworksBuildPhase;
			buildActionMask = 2147483647;
			files = (
			);
			runOnlyForDeploymentPostprocessing = 0;
		};
		0210FDA92867CDD700E56349 /* Frameworks */ = {
			isa = PBXFrameworksBuildPhase;
			buildActionMask = 2147483647;
			files = (
			);
			runOnlyForDeploymentPostprocessing = 0;
		};
/* End PBXFrameworksBuildPhase section */

/* Begin PBXGroup section */
		0210FD842867CDD100E56349 = {
			isa = PBXGroup;
			children = (
				0210FD8F2867CDD200E56349 /* Qeii */,
				0210FDA52867CDD700E56349 /* QeiiTests */,
				0210FDAF2867CDD700E56349 /* QeiiUITests */,
				0210FD8E2867CDD200E56349 /* Products */,
			);
			sourceTree = "<group>";
		};
		0210FD8E2867CDD200E56349 /* Products */ = {
			isa = PBXGroup;
			children = (
				0210FD8D2867CDD200E56349 /* Qeii.app */,
				0210FDA22867CDD700E56349 /* QeiiTests.xctest */,
				0210FDAC2867CDD700E56349 /* QeiiUITests.xctest */,
			);
			name = Products;
			sourceTree = "<group>";
		};
		0210FD8F2867CDD200E56349 /* Qeii */ = {
			isa = PBXGroup;
			children = (
				A9BBA8CD2881F6AE00F4EC40 /* backup */,
				0210FD902867CDD200E56349 /* QeiiApp.swift */,
				02F0E7B32869F89600BABB14 /* Views */,
				02F0E7B62869F97C00BABB14 /* ViewModels */,
				02F0E7B9286A0D8100BABB14 /* Model */,
				02F0E7B52869F95600BABB14 /* Helper */,
				0210FD962867CDD700E56349 /* Preview Content */,
				02F0E7B42869F91F00BABB14 /* Temp */,
			);
			path = Qeii;
			sourceTree = "<group>";
		};
		0210FD962867CDD700E56349 /* Preview Content */ = {
			isa = PBXGroup;
			children = (
				0210FD972867CDD700E56349 /* Preview Assets.xcassets */,
			);
			path = "Preview Content";
			sourceTree = "<group>";
		};
		0210FDA52867CDD700E56349 /* QeiiTests */ = {
			isa = PBXGroup;
			children = (
				0210FDA62867CDD700E56349 /* QeiiTests.swift */,
			);
			path = QeiiTests;
			sourceTree = "<group>";
		};
		0210FDAF2867CDD700E56349 /* QeiiUITests */ = {
			isa = PBXGroup;
			children = (
				0210FDB02867CDD700E56349 /* QeiiUITests.swift */,
				0210FDB22867CDD700E56349 /* QeiiUITestsLaunchTests.swift */,
			);
			path = QeiiUITests;
			sourceTree = "<group>";
		};
		02F0E7B32869F89600BABB14 /* Views */ = {
			isa = PBXGroup;
			children = (
				02F0E7B12868C5E100BABB14 /* LaunchView.swift */,
				0210FDBF2867CEF100E56349 /* HomeView.swift */,
				0206B31D286804110081342B /* AddRecordView.swift */,
				0206B31F286898B50081342B /* Keyboard.swift */,
				0210FD922867CDD200E56349 /* ContentView.swift */,
				02B5831F286F3F7300A717ED /* EditingHomeView.swift */,
				A9BBA8CB2881EDD100F4EC40 /* TestView.swift */,
			);
			path = Views;
			sourceTree = "<group>";
		};
		02F0E7B42869F91F00BABB14 /* Temp */ = {
			isa = PBXGroup;
			children = (
				0210FD992867CDD700E56349 /* Persistence.swift */,
			);
			path = Temp;
			sourceTree = "<group>";
		};
		02F0E7B52869F95600BABB14 /* Helper */ = {
			isa = PBXGroup;
			children = (
				0210FD942867CDD700E56349 /* Assets.xcassets */,
				0210FDC12867D16700E56349 /* Constants.swift */,
			);
			path = Helper;
			sourceTree = "<group>";
		};
		02F0E7B62869F97C00BABB14 /* ViewModels */ = {
			isa = PBXGroup;
			children = (
				02F0E7B72869F99800BABB14 /* ViewModel.swift */,
				02F0E7BC286BADA100BABB14 /* CoreDataManager.swift */,
				A9BBA8C82881E33600F4EC40 /* DropViewDelegate */,
			);
			path = ViewModels;
			sourceTree = "<group>";
		};
		02F0E7B9286A0D8100BABB14 /* Model */ = {
			isa = PBXGroup;
			children = (
				0210FD9B2867CDD700E56349 /* Qeii.xcdatamodeld */,
				A9BBA8C92881E40500F4EC40 /* CategoriesEditModeContainer.swift */,
			);
			path = Model;
			sourceTree = "<group>";
		};
		A9BBA8C82881E33600F4EC40 /* DropViewDelegate */ = {
			isa = PBXGroup;
			children = (
				02B58319286E86EB00A717ED /* CategoriesSortDropViewDelegate.swift */,
				027AFE0C2870BA43008116F9 /* trashBinDropViewDelegate.swift */,
				02B5831B286EA9DB00A717ED /* HelperDropViewDelegate.swift */,
			);
			path = DropViewDelegate;
			sourceTree = "<group>";
		};
		A9BBA8CD2881F6AE00F4EC40 /* backup */ = {
			isa = PBXGroup;
			children = (
				A9BBA8CE2881F6D000F4EC40 /* CategoriesSortDropViewDelegateBackup.swift */,
			);
			path = backup;
			sourceTree = "<group>";
		};
/* End PBXGroup section */

/* Begin PBXNativeTarget section */
		0210FD8C2867CDD100E56349 /* Qeii */ = {
			isa = PBXNativeTarget;
			buildConfigurationList = 0210FDB62867CDD700E56349 /* Build configuration list for PBXNativeTarget "Qeii" */;
			buildPhases = (
				0210FD892867CDD100E56349 /* Sources */,
				0210FD8A2867CDD100E56349 /* Frameworks */,
				0210FD8B2867CDD100E56349 /* Resources */,
			);
			buildRules = (
			);
			dependencies = (
			);
			name = Qeii;
			packageProductDependencies = (
				0210FDC42867F61300E56349 /* PopupView */,
			);
			productName = Qeii;
			productReference = 0210FD8D2867CDD200E56349 /* Qeii.app */;
			productType = "com.apple.product-type.application";
		};
		0210FDA12867CDD700E56349 /* QeiiTests */ = {
			isa = PBXNativeTarget;
			buildConfigurationList = 0210FDB92867CDD700E56349 /* Build configuration list for PBXNativeTarget "QeiiTests" */;
			buildPhases = (
				0210FD9E2867CDD700E56349 /* Sources */,
				0210FD9F2867CDD700E56349 /* Frameworks */,
				0210FDA02867CDD700E56349 /* Resources */,
			);
			buildRules = (
			);
			dependencies = (
				0210FDA42867CDD700E56349 /* PBXTargetDependency */,
			);
			name = QeiiTests;
			productName = QeiiTests;
			productReference = 0210FDA22867CDD700E56349 /* QeiiTests.xctest */;
			productType = "com.apple.product-type.bundle.unit-test";
		};
		0210FDAB2867CDD700E56349 /* QeiiUITests */ = {
			isa = PBXNativeTarget;
			buildConfigurationList = 0210FDBC2867CDD700E56349 /* Build configuration list for PBXNativeTarget "QeiiUITests" */;
			buildPhases = (
				0210FDA82867CDD700E56349 /* Sources */,
				0210FDA92867CDD700E56349 /* Frameworks */,
				0210FDAA2867CDD700E56349 /* Resources */,
			);
			buildRules = (
			);
			dependencies = (
				0210FDAE2867CDD700E56349 /* PBXTargetDependency */,
			);
			name = QeiiUITests;
			productName = QeiiUITests;
			productReference = 0210FDAC2867CDD700E56349 /* QeiiUITests.xctest */;
			productType = "com.apple.product-type.bundle.ui-testing";
		};
/* End PBXNativeTarget section */

/* Begin PBXProject section */
		0210FD852867CDD100E56349 /* Project object */ = {
			isa = PBXProject;
			attributes = {
				BuildIndependentTargetsInParallel = 1;
				LastSwiftUpdateCheck = 1330;
				LastUpgradeCheck = 1330;
				TargetAttributes = {
					0210FD8C2867CDD100E56349 = {
						CreatedOnToolsVersion = 13.3.1;
					};
					0210FDA12867CDD700E56349 = {
						CreatedOnToolsVersion = 13.3.1;
						TestTargetID = 0210FD8C2867CDD100E56349;
					};
					0210FDAB2867CDD700E56349 = {
						CreatedOnToolsVersion = 13.3.1;
						TestTargetID = 0210FD8C2867CDD100E56349;
					};
				};
			};
			buildConfigurationList = 0210FD882867CDD100E56349 /* Build configuration list for PBXProject "Qeii" */;
			compatibilityVersion = "Xcode 13.0";
			developmentRegion = en;
			hasScannedForEncodings = 0;
			knownRegions = (
				en,
				Base,
			);
			mainGroup = 0210FD842867CDD100E56349;
			packageReferences = (
				0210FDC32867F61200E56349 /* XCRemoteSwiftPackageReference "PopupView" */,
			);
			productRefGroup = 0210FD8E2867CDD200E56349 /* Products */;
			projectDirPath = "";
			projectRoot = "";
			targets = (
				0210FD8C2867CDD100E56349 /* Qeii */,
				0210FDA12867CDD700E56349 /* QeiiTests */,
				0210FDAB2867CDD700E56349 /* QeiiUITests */,
			);
		};
/* End PBXProject section */

/* Begin PBXResourcesBuildPhase section */
		0210FD8B2867CDD100E56349 /* Resources */ = {
			isa = PBXResourcesBuildPhase;
			buildActionMask = 2147483647;
			files = (
				0210FD982867CDD700E56349 /* Preview Assets.xcassets in Resources */,
				0210FD952867CDD700E56349 /* Assets.xcassets in Resources */,
			);
			runOnlyForDeploymentPostprocessing = 0;
		};
		0210FDA02867CDD700E56349 /* Resources */ = {
			isa = PBXResourcesBuildPhase;
			buildActionMask = 2147483647;
			files = (
			);
			runOnlyForDeploymentPostprocessing = 0;
		};
		0210FDAA2867CDD700E56349 /* Resources */ = {
			isa = PBXResourcesBuildPhase;
			buildActionMask = 2147483647;
			files = (
			);
			runOnlyForDeploymentPostprocessing = 0;
		};
/* End PBXResourcesBuildPhase section */

/* Begin PBXSourcesBuildPhase section */
		0210FD892867CDD100E56349 /* Sources */ = {
			isa = PBXSourcesBuildPhase;
			buildActionMask = 2147483647;
			files = (
				02F0E7B22868C5E100BABB14 /* LaunchView.swift in Sources */,
				0206B31E286804120081342B /* AddRecordView.swift in Sources */,
				02F0E7B82869F99800BABB14 /* ViewModel.swift in Sources */,
				A9BBA8CA2881E40500F4EC40 /* CategoriesEditModeContainer.swift in Sources */,
				0210FD9A2867CDD700E56349 /* Persistence.swift in Sources */,
				A9BBA8CC2881EDD100F4EC40 /* TestView.swift in Sources */,
				A9BBA8CF2881F6D000F4EC40 /* CategoriesSortDropViewDelegateBackup.swift in Sources */,
				0210FD9D2867CDD700E56349 /* Qeii.xcdatamodeld in Sources */,
				02B5831C286EA9DB00A717ED /* HelperDropViewDelegate.swift in Sources */,
				0206B320286898B50081342B /* Keyboard.swift in Sources */,
				02F0E7BD286BADA100BABB14 /* CoreDataManager.swift in Sources */,
				02B58320286F3F7300A717ED /* EditingHomeView.swift in Sources */,
				0210FD932867CDD200E56349 /* ContentView.swift in Sources */,
				0210FDC02867CEF100E56349 /* HomeView.swift in Sources */,
				02B5831A286E86EB00A717ED /* CategoriesSortDropViewDelegate.swift in Sources */,
				0210FD912867CDD200E56349 /* QeiiApp.swift in Sources */,
				0210FDC22867D16800E56349 /* Constants.swift in Sources */,
				027AFE0D2870BA43008116F9 /* trashBinDropViewDelegate.swift in Sources */,
			);
			runOnlyForDeploymentPostprocessing = 0;
		};
		0210FD9E2867CDD700E56349 /* Sources */ = {
			isa = PBXSourcesBuildPhase;
			buildActionMask = 2147483647;
			files = (
				0210FDA72867CDD700E56349 /* QeiiTests.swift in Sources */,
			);
			runOnlyForDeploymentPostprocessing = 0;
		};
		0210FDA82867CDD700E56349 /* Sources */ = {
			isa = PBXSourcesBuildPhase;
			buildActionMask = 2147483647;
			files = (
				0210FDB32867CDD700E56349 /* QeiiUITestsLaunchTests.swift in Sources */,
				0210FDB12867CDD700E56349 /* QeiiUITests.swift in Sources */,
			);
			runOnlyForDeploymentPostprocessing = 0;
		};
/* End PBXSourcesBuildPhase section */

/* Begin PBXTargetDependency section */
		0210FDA42867CDD700E56349 /* PBXTargetDependency */ = {
			isa = PBXTargetDependency;
			target = 0210FD8C2867CDD100E56349 /* Qeii */;
			targetProxy = 0210FDA32867CDD700E56349 /* PBXContainerItemProxy */;
		};
		0210FDAE2867CDD700E56349 /* PBXTargetDependency */ = {
			isa = PBXTargetDependency;
			target = 0210FD8C2867CDD100E56349 /* Qeii */;
			targetProxy = 0210FDAD2867CDD700E56349 /* PBXContainerItemProxy */;
		};
/* End PBXTargetDependency section */

/* Begin XCBuildConfiguration section */
		0210FDB42867CDD700E56349 /* Debug */ = {
			isa = XCBuildConfiguration;
			buildSettings = {
				ALWAYS_SEARCH_USER_PATHS = NO;
				CLANG_ANALYZER_NONNULL = YES;
				CLANG_ANALYZER_NUMBER_OBJECT_CONVERSION = YES_AGGRESSIVE;
				CLANG_CXX_LANGUAGE_STANDARD = "gnu++17";
				CLANG_ENABLE_MODULES = YES;
				CLANG_ENABLE_OBJC_ARC = YES;
				CLANG_ENABLE_OBJC_WEAK = YES;
				CLANG_WARN_BLOCK_CAPTURE_AUTORELEASING = YES;
				CLANG_WARN_BOOL_CONVERSION = YES;
				CLANG_WARN_COMMA = YES;
				CLANG_WARN_CONSTANT_CONVERSION = YES;
				CLANG_WARN_DEPRECATED_OBJC_IMPLEMENTATIONS = YES;
				CLANG_WARN_DIRECT_OBJC_ISA_USAGE = YES_ERROR;
				CLANG_WARN_DOCUMENTATION_COMMENTS = YES;
				CLANG_WARN_EMPTY_BODY = YES;
				CLANG_WARN_ENUM_CONVERSION = YES;
				CLANG_WARN_INFINITE_RECURSION = YES;
				CLANG_WARN_INT_CONVERSION = YES;
				CLANG_WARN_NON_LITERAL_NULL_CONVERSION = YES;
				CLANG_WARN_OBJC_IMPLICIT_RETAIN_SELF = YES;
				CLANG_WARN_OBJC_LITERAL_CONVERSION = YES;
				CLANG_WARN_OBJC_ROOT_CLASS = YES_ERROR;
				CLANG_WARN_QUOTED_INCLUDE_IN_FRAMEWORK_HEADER = YES;
				CLANG_WARN_RANGE_LOOP_ANALYSIS = YES;
				CLANG_WARN_STRICT_PROTOTYPES = YES;
				CLANG_WARN_SUSPICIOUS_MOVE = YES;
				CLANG_WARN_UNGUARDED_AVAILABILITY = YES_AGGRESSIVE;
				CLANG_WARN_UNREACHABLE_CODE = YES;
				CLANG_WARN__DUPLICATE_METHOD_MATCH = YES;
				COPY_PHASE_STRIP = NO;
				DEBUG_INFORMATION_FORMAT = dwarf;
				ENABLE_STRICT_OBJC_MSGSEND = YES;
				ENABLE_TESTABILITY = YES;
				GCC_C_LANGUAGE_STANDARD = gnu11;
				GCC_DYNAMIC_NO_PIC = NO;
				GCC_NO_COMMON_BLOCKS = YES;
				GCC_OPTIMIZATION_LEVEL = 0;
				GCC_PREPROCESSOR_DEFINITIONS = (
					"DEBUG=1",
					"$(inherited)",
				);
				GCC_WARN_64_TO_32_BIT_CONVERSION = YES;
				GCC_WARN_ABOUT_RETURN_TYPE = YES_ERROR;
				GCC_WARN_UNDECLARED_SELECTOR = YES;
				GCC_WARN_UNINITIALIZED_AUTOS = YES_AGGRESSIVE;
				GCC_WARN_UNUSED_FUNCTION = YES;
				GCC_WARN_UNUSED_VARIABLE = YES;
				IPHONEOS_DEPLOYMENT_TARGET = 15.4;
				MTL_ENABLE_DEBUG_INFO = INCLUDE_SOURCE;
				MTL_FAST_MATH = YES;
				ONLY_ACTIVE_ARCH = YES;
				SDKROOT = iphoneos;
				SWIFT_ACTIVE_COMPILATION_CONDITIONS = DEBUG;
				SWIFT_OPTIMIZATION_LEVEL = "-Onone";
			};
			name = Debug;
		};
		0210FDB52867CDD700E56349 /* Release */ = {
			isa = XCBuildConfiguration;
			buildSettings = {
				ALWAYS_SEARCH_USER_PATHS = NO;
				CLANG_ANALYZER_NONNULL = YES;
				CLANG_ANALYZER_NUMBER_OBJECT_CONVERSION = YES_AGGRESSIVE;
				CLANG_CXX_LANGUAGE_STANDARD = "gnu++17";
				CLANG_ENABLE_MODULES = YES;
				CLANG_ENABLE_OBJC_ARC = YES;
				CLANG_ENABLE_OBJC_WEAK = YES;
				CLANG_WARN_BLOCK_CAPTURE_AUTORELEASING = YES;
				CLANG_WARN_BOOL_CONVERSION = YES;
				CLANG_WARN_COMMA = YES;
				CLANG_WARN_CONSTANT_CONVERSION = YES;
				CLANG_WARN_DEPRECATED_OBJC_IMPLEMENTATIONS = YES;
				CLANG_WARN_DIRECT_OBJC_ISA_USAGE = YES_ERROR;
				CLANG_WARN_DOCUMENTATION_COMMENTS = YES;
				CLANG_WARN_EMPTY_BODY = YES;
				CLANG_WARN_ENUM_CONVERSION = YES;
				CLANG_WARN_INFINITE_RECURSION = YES;
				CLANG_WARN_INT_CONVERSION = YES;
				CLANG_WARN_NON_LITERAL_NULL_CONVERSION = YES;
				CLANG_WARN_OBJC_IMPLICIT_RETAIN_SELF = YES;
				CLANG_WARN_OBJC_LITERAL_CONVERSION = YES;
				CLANG_WARN_OBJC_ROOT_CLASS = YES_ERROR;
				CLANG_WARN_QUOTED_INCLUDE_IN_FRAMEWORK_HEADER = YES;
				CLANG_WARN_RANGE_LOOP_ANALYSIS = YES;
				CLANG_WARN_STRICT_PROTOTYPES = YES;
				CLANG_WARN_SUSPICIOUS_MOVE = YES;
				CLANG_WARN_UNGUARDED_AVAILABILITY = YES_AGGRESSIVE;
				CLANG_WARN_UNREACHABLE_CODE = YES;
				CLANG_WARN__DUPLICATE_METHOD_MATCH = YES;
				COPY_PHASE_STRIP = NO;
				DEBUG_INFORMATION_FORMAT = "dwarf-with-dsym";
				ENABLE_NS_ASSERTIONS = NO;
				ENABLE_STRICT_OBJC_MSGSEND = YES;
				GCC_C_LANGUAGE_STANDARD = gnu11;
				GCC_NO_COMMON_BLOCKS = YES;
				GCC_WARN_64_TO_32_BIT_CONVERSION = YES;
				GCC_WARN_ABOUT_RETURN_TYPE = YES_ERROR;
				GCC_WARN_UNDECLARED_SELECTOR = YES;
				GCC_WARN_UNINITIALIZED_AUTOS = YES_AGGRESSIVE;
				GCC_WARN_UNUSED_FUNCTION = YES;
				GCC_WARN_UNUSED_VARIABLE = YES;
				IPHONEOS_DEPLOYMENT_TARGET = 15.4;
				MTL_ENABLE_DEBUG_INFO = NO;
				MTL_FAST_MATH = YES;
				SDKROOT = iphoneos;
				SWIFT_COMPILATION_MODE = wholemodule;
				SWIFT_OPTIMIZATION_LEVEL = "-O";
				VALIDATE_PRODUCT = YES;
			};
			name = Release;
		};
		0210FDB72867CDD700E56349 /* Debug */ = {
			isa = XCBuildConfiguration;
			buildSettings = {
				ASSETCATALOG_COMPILER_APPICON_NAME = AppIcon;
				ASSETCATALOG_COMPILER_GLOBAL_ACCENT_COLOR_NAME = AccentColor;
				CODE_SIGN_STYLE = Automatic;
				CURRENT_PROJECT_VERSION = 1;
				DEVELOPMENT_ASSET_PATHS = "\"Qeii/Preview Content\"";
				DEVELOPMENT_TEAM = VWRKRV8626;
				ENABLE_PREVIEWS = YES;
				GENERATE_INFOPLIST_FILE = YES;
				INFOPLIST_KEY_UIApplicationSceneManifest_Generation = YES;
				INFOPLIST_KEY_UIApplicationSupportsIndirectInputEvents = YES;
				INFOPLIST_KEY_UILaunchScreen_Generation = YES;
				INFOPLIST_KEY_UISupportedInterfaceOrientations_iPad = "UIInterfaceOrientationPortrait UIInterfaceOrientationPortraitUpsideDown UIInterfaceOrientationLandscapeLeft UIInterfaceOrientationLandscapeRight";
				INFOPLIST_KEY_UISupportedInterfaceOrientations_iPhone = "UIInterfaceOrientationPortrait UIInterfaceOrientationLandscapeLeft UIInterfaceOrientationLandscapeRight";
				LD_RUNPATH_SEARCH_PATHS = (
					"$(inherited)",
					"@executable_path/Frameworks",
				);
				MARKETING_VERSION = 1.0;
				PRODUCT_BUNDLE_IDENTIFIER = co.kadarechen.Qeii;
				PRODUCT_NAME = "$(TARGET_NAME)";
				SWIFT_EMIT_LOC_STRINGS = YES;
				SWIFT_VERSION = 5.0;
				TARGETED_DEVICE_FAMILY = "1,2";
			};
			name = Debug;
		};
		0210FDB82867CDD700E56349 /* Release */ = {
			isa = XCBuildConfiguration;
			buildSettings = {
				ASSETCATALOG_COMPILER_APPICON_NAME = AppIcon;
				ASSETCATALOG_COMPILER_GLOBAL_ACCENT_COLOR_NAME = AccentColor;
				CODE_SIGN_STYLE = Automatic;
				CURRENT_PROJECT_VERSION = 1;
				DEVELOPMENT_ASSET_PATHS = "\"Qeii/Preview Content\"";
				DEVELOPMENT_TEAM = VWRKRV8626;
				ENABLE_PREVIEWS = YES;
				GENERATE_INFOPLIST_FILE = YES;
				INFOPLIST_KEY_UIApplicationSceneManifest_Generation = YES;
				INFOPLIST_KEY_UIApplicationSupportsIndirectInputEvents = YES;
				INFOPLIST_KEY_UILaunchScreen_Generation = YES;
				INFOPLIST_KEY_UISupportedInterfaceOrientations_iPad = "UIInterfaceOrientationPortrait UIInterfaceOrientationPortraitUpsideDown UIInterfaceOrientationLandscapeLeft UIInterfaceOrientationLandscapeRight";
				INFOPLIST_KEY_UISupportedInterfaceOrientations_iPhone = "UIInterfaceOrientationPortrait UIInterfaceOrientationLandscapeLeft UIInterfaceOrientationLandscapeRight";
				LD_RUNPATH_SEARCH_PATHS = (
					"$(inherited)",
					"@executable_path/Frameworks",
				);
				MARKETING_VERSION = 1.0;
				PRODUCT_BUNDLE_IDENTIFIER = co.kadarechen.Qeii;
				PRODUCT_NAME = "$(TARGET_NAME)";
				SWIFT_EMIT_LOC_STRINGS = YES;
				SWIFT_VERSION = 5.0;
				TARGETED_DEVICE_FAMILY = "1,2";
			};
			name = Release;
		};
		0210FDBA2867CDD700E56349 /* Debug */ = {
			isa = XCBuildConfiguration;
			buildSettings = {
				ALWAYS_EMBED_SWIFT_STANDARD_LIBRARIES = YES;
				BUNDLE_LOADER = "$(TEST_HOST)";
				CODE_SIGN_STYLE = Automatic;
				CURRENT_PROJECT_VERSION = 1;
				GENERATE_INFOPLIST_FILE = YES;
				IPHONEOS_DEPLOYMENT_TARGET = 15.4;
				MARKETING_VERSION = 1.0;
				PRODUCT_BUNDLE_IDENTIFIER = co.kadarechen.QeiiTests;
				PRODUCT_NAME = "$(TARGET_NAME)";
				SWIFT_EMIT_LOC_STRINGS = NO;
				SWIFT_VERSION = 5.0;
				TARGETED_DEVICE_FAMILY = "1,2";
				TEST_HOST = "$(BUILT_PRODUCTS_DIR)/Qeii.app/Qeii";
			};
			name = Debug;
		};
		0210FDBB2867CDD700E56349 /* Release */ = {
			isa = XCBuildConfiguration;
			buildSettings = {
				ALWAYS_EMBED_SWIFT_STANDARD_LIBRARIES = YES;
				BUNDLE_LOADER = "$(TEST_HOST)";
				CODE_SIGN_STYLE = Automatic;
				CURRENT_PROJECT_VERSION = 1;
				GENERATE_INFOPLIST_FILE = YES;
				IPHONEOS_DEPLOYMENT_TARGET = 15.4;
				MARKETING_VERSION = 1.0;
				PRODUCT_BUNDLE_IDENTIFIER = co.kadarechen.QeiiTests;
				PRODUCT_NAME = "$(TARGET_NAME)";
				SWIFT_EMIT_LOC_STRINGS = NO;
				SWIFT_VERSION = 5.0;
				TARGETED_DEVICE_FAMILY = "1,2";
				TEST_HOST = "$(BUILT_PRODUCTS_DIR)/Qeii.app/Qeii";
			};
			name = Release;
		};
		0210FDBD2867CDD700E56349 /* Debug */ = {
			isa = XCBuildConfiguration;
			buildSettings = {
				ALWAYS_EMBED_SWIFT_STANDARD_LIBRARIES = YES;
				CODE_SIGN_STYLE = Automatic;
				CURRENT_PROJECT_VERSION = 1;
				GENERATE_INFOPLIST_FILE = YES;
				MARKETING_VERSION = 1.0;
				PRODUCT_BUNDLE_IDENTIFIER = co.kadarechen.QeiiUITests;
				PRODUCT_NAME = "$(TARGET_NAME)";
				SWIFT_EMIT_LOC_STRINGS = NO;
				SWIFT_VERSION = 5.0;
				TARGETED_DEVICE_FAMILY = "1,2";
				TEST_TARGET_NAME = Qeii;
			};
			name = Debug;
		};
		0210FDBE2867CDD700E56349 /* Release */ = {
			isa = XCBuildConfiguration;
			buildSettings = {
				ALWAYS_EMBED_SWIFT_STANDARD_LIBRARIES = YES;
				CODE_SIGN_STYLE = Automatic;
				CURRENT_PROJECT_VERSION = 1;
				GENERATE_INFOPLIST_FILE = YES;
				MARKETING_VERSION = 1.0;
				PRODUCT_BUNDLE_IDENTIFIER = co.kadarechen.QeiiUITests;
				PRODUCT_NAME = "$(TARGET_NAME)";
				SWIFT_EMIT_LOC_STRINGS = NO;
				SWIFT_VERSION = 5.0;
				TARGETED_DEVICE_FAMILY = "1,2";
				TEST_TARGET_NAME = Qeii;
			};
			name = Release;
		};
/* End XCBuildConfiguration section */

/* Begin XCConfigurationList section */
		0210FD882867CDD100E56349 /* Build configuration list for PBXProject "Qeii" */ = {
			isa = XCConfigurationList;
			buildConfigurations = (
				0210FDB42867CDD700E56349 /* Debug */,
				0210FDB52867CDD700E56349 /* Release */,
			);
			defaultConfigurationIsVisible = 0;
			defaultConfigurationName = Release;
		};
		0210FDB62867CDD700E56349 /* Build configuration list for PBXNativeTarget "Qeii" */ = {
			isa = XCConfigurationList;
			buildConfigurations = (
				0210FDB72867CDD700E56349 /* Debug */,
				0210FDB82867CDD700E56349 /* Release */,
			);
			defaultConfigurationIsVisible = 0;
			defaultConfigurationName = Release;
		};
		0210FDB92867CDD700E56349 /* Build configuration list for PBXNativeTarget "QeiiTests" */ = {
			isa = XCConfigurationList;
			buildConfigurations = (
				0210FDBA2867CDD700E56349 /* Debug */,
				0210FDBB2867CDD700E56349 /* Release */,
			);
			defaultConfigurationIsVisible = 0;
			defaultConfigurationName = Release;
		};
		0210FDBC2867CDD700E56349 /* Build configuration list for PBXNativeTarget "QeiiUITests" */ = {
			isa = XCConfigurationList;
			buildConfigurations = (
				0210FDBD2867CDD700E56349 /* Debug */,
				0210FDBE2867CDD700E56349 /* Release */,
			);
			defaultConfigurationIsVisible = 0;
			defaultConfigurationName = Release;
		};
/* End XCConfigurationList section */

/* Begin XCRemoteSwiftPackageReference section */
		0210FDC32867F61200E56349 /* XCRemoteSwiftPackageReference "PopupView" */ = {
			isa = XCRemoteSwiftPackageReference;
			repositoryURL = "https://github.com/exyte/PopupView.git";
			requirement = {
				kind = upToNextMajorVersion;
				minimumVersion = 1.0.0;
			};
		};
/* End XCRemoteSwiftPackageReference section */

/* Begin XCSwiftPackageProductDependency section */
		0210FDC42867F61300E56349 /* PopupView */ = {
			isa = XCSwiftPackageProductDependency;
			package = 0210FDC32867F61200E56349 /* XCRemoteSwiftPackageReference "PopupView" */;
			productName = PopupView;
		};
/* End XCSwiftPackageProductDependency section */

/* Begin XCVersionGroup section */
		0210FD9B2867CDD700E56349 /* Qeii.xcdatamodeld */ = {
			isa = XCVersionGroup;
			children = (
				0210FD9C2867CDD700E56349 /* Qeii.xcdatamodel */,
			);
			currentVersion = 0210FD9C2867CDD700E56349 /* Qeii.xcdatamodel */;
			path = Qeii.xcdatamodeld;
			sourceTree = "<group>";
			versionGroupType = wrapper.xcdatamodel;
		};
/* End XCVersionGroup section */
	};
	rootObject = 0210FD852867CDD100E56349 /* Project object */;
}
